
Microsoft Visual Studio Solution File, Format Version 12.00
# Visual Studio Version 17
VisualStudioVersion = 17.1.32414.318
MinimumVisualStudioVersion = 10.0.40219.1
Project("{FAE04EC0-301F-11D3-BF4B-00C04F79EFBC}") = "Api", "InstrumentoMusical\Api.csproj", "{30099AF6-8471-4D03-BE29-16D8B88A8FBE}"
EndProject
Project("{FAE04EC0-301F-11D3-BF4B-00C04F79EFBC}") = "Service", "Service\Service.csproj", "{C6864E32-CDF0-48E3-8AA1-DA31F620C952}"
EndProject
Project("{FAE04EC0-301F-11D3-BF4B-00C04F79EFBC}") = "Repository", "Repository\Repository.csproj", "{631DCB79-084F-4CE4-8030-519457A5205F}"
EndProject
Project("{FAE04EC0-301F-11D3-BF4B-00C04F79EFBC}") = "Domain", "Domain\Domain.csproj", "{245337A1-60FE-4690-869F-A94DDB18FF92}"
EndProject
Global
	GlobalSection(SolutionConfigurationPlatforms) = preSolution
		Debug|Any CPU = Debug|Any CPU
		Release|Any CPU = Release|Any CPU
	EndGlobalSection
	GlobalSection(ProjectConfigurationPlatforms) = postSolution
		{30099AF6-8471-4D03-BE29-16D8B88A8FBE}.Debug|Any CPU.ActiveCfg = Debug|Any CPU
		{30099AF6-8471-4D03-BE29-16D8B88A8FBE}.Debug|Any CPU.Build.0 = Debug|Any CPU
		{30099AF6-8471-4D03-BE29-16D8B88A8FBE}.Release|Any CPU.ActiveCfg = Release|Any CPU
		{30099AF6-8471-4D03-BE29-16D8B88A8FBE}.Release|Any CPU.Build.0 = Release|Any CPU
		{C6864E32-CDF0-48E3-8AA1-DA31F620C952}.Debug|Any CPU.ActiveCfg = Debug|Any CPU
		{C6864E32-CDF0-48E3-8AA1-DA31F620C952}.Debug|Any CPU.Build.0 = Debug|Any CPU
		{C6864E32-CDF0-48E3-8AA1-DA31F620C952}.Release|Any CPU.ActiveCfg = Release|Any CPU
		{C6864E32-CDF0-48E3-8AA1-DA31F620C952}.Release|Any CPU.Build.0 = Release|Any CPU
		{631DCB79-084F-4CE4-8030-519457A5205F}.Debug|Any CPU.ActiveCfg = Debug|Any CPU
		{631DCB79-084F-4CE4-8030-519457A5205F}.Debug|Any CPU.Build.0 = Debug|Any CPU
		{631DCB79-084F-4CE4-8030-519457A5205F}.Release|Any CPU.ActiveCfg = Release|Any CPU
		{631DCB79-084F-4CE4-8030-519457A5205F}.Release|Any CPU.Build.0 = Release|Any CPU
		{245337A1-60FE-4690-869F-A94DDB18FF92}.Debug|Any CPU.ActiveCfg = Debug|Any CPU
		{245337A1-60FE-4690-869F-A94DDB18FF92}.Debug|Any CPU.Build.0 = Debug|Any CPU
		{245337A1-60FE-4690-869F-A94DDB18FF92}.Release|Any CPU.ActiveCfg = Release|Any CPU
		{245337A1-60FE-4690-869F-A94DDB18FF92}.Release|Any CPU.Build.0 = Release|Any CPU
	EndGlobalSection
	GlobalSection(SolutionProperties) = preSolution
		HideSolutionNode = FALSE
	EndGlobalSection
	GlobalSection(ExtensibilityGlobals) = postSolution
		SolutionGuid = {E1A050FC-38EC-448D-8EC0-481EA83AAF60}
	EndGlobalSection
EndGlobal
